// !$*UTF8*$!
{
	archiveVersion = 1;
	classes = {
	};
	objectVersion = 46;
	objects = {

/* Begin PBXBuildFile section */
		4E282D45A2A63276133F540A /* libPods.a in Frameworks */ = {isa = PBXBuildFile; fileRef = D2D95D83BBE3AF7C9D9C1646 /* libPods.a */; };
		FD1B74001B41FE8C00E697C0 /* main.m in Sources */ = {isa = PBXBuildFile; fileRef = FD1B73FF1B41FE8C00E697C0 /* main.m */; };
		FD1B74031B41FE8C00E697C0 /* AppDelegate.m in Sources */ = {isa = PBXBuildFile; fileRef = FD1B74021B41FE8C00E697C0 /* AppDelegate.m */; };
		FD1B740C1B41FE8D00E697C0 /* Main.storyboard in Resources */ = {isa = PBXBuildFile; fileRef = FD1B740A1B41FE8D00E697C0 /* Main.storyboard */; };
		FD1B740E1B41FE8D00E697C0 /* Images.xcassets in Resources */ = {isa = PBXBuildFile; fileRef = FD1B740D1B41FE8D00E697C0 /* Images.xcassets */; };
		FD1B74111B41FE8D00E697C0 /* LaunchScreen.xib in Resources */ = {isa = PBXBuildFile; fileRef = FD1B740F1B41FE8D00E697C0 /* LaunchScreen.xib */; };
		FD1B741D1B41FE8D00E697C0 /* PicoCaleTests.m in Sources */ = {isa = PBXBuildFile; fileRef = FD1B741C1B41FE8D00E697C0 /* PicoCaleTests.m */; };
		FD1B742D1B421E1000E697C0 /* CoreLocation.framework in Frameworks */ = {isa = PBXBuildFile; fileRef = FD1B742C1B421E1000E697C0 /* CoreLocation.framework */; };
		FD1B742F1B421E1900E697C0 /* CoreMotion.framework in Frameworks */ = {isa = PBXBuildFile; fileRef = FD1B742E1B421E1900E697C0 /* CoreMotion.framework */; };
		FD1B74311B421E2000E697C0 /* AVFoundation.framework in Frameworks */ = {isa = PBXBuildFile; fileRef = FD1B74301B421E2000E697C0 /* AVFoundation.framework */; };
		FD1B74331B421E2600E697C0 /* AVKit.framework in Frameworks */ = {isa = PBXBuildFile; fileRef = FD1B74321B421E2600E697C0 /* AVKit.framework */; };
		FD88F23A1B64A57F00DC262D /* CameraViewController.m in Sources */ = {isa = PBXBuildFile; fileRef = FD88F2271B64A57F00DC262D /* CameraViewController.m */; };
		FD88F23B1B64A57F00DC262D /* FullViewController.m in Sources */ = {isa = PBXBuildFile; fileRef = FD88F2291B64A57F00DC262D /* FullViewController.m */; };
		FD88F23C1B64A57F00DC262D /* ImagesViewController.m in Sources */ = {isa = PBXBuildFile; fileRef = FD88F22B1B64A57F00DC262D /* ImagesViewController.m */; };
		FD88F23D1B64A57F00DC262D /* MediaPreview.m in Sources */ = {isa = PBXBuildFile; fileRef = FD88F22D1B64A57F00DC262D /* MediaPreview.m */; };
		FD88F23E1B64A57F00DC262D /* Photo.m in Sources */ = {isa = PBXBuildFile; fileRef = FD88F22F1B64A57F00DC262D /* Photo.m */; };
		FD88F23F1B64A57F00DC262D /* PreviewController.m in Sources */ = {isa = PBXBuildFile; fileRef = FD88F2311B64A57F00DC262D /* PreviewController.m */; };
		FD88F2401B64A57F00DC262D /* PreviewVideoController.m in Sources */ = {isa = PBXBuildFile; fileRef = FD88F2331B64A57F00DC262D /* PreviewVideoController.m */; };
		FD88F2411B64A57F00DC262D /* TweetDisplayView.m in Sources */ = {isa = PBXBuildFile; fileRef = FD88F2351B64A57F00DC262D /* TweetDisplayView.m */; };
		FD88F2421B64A57F00DC262D /* TwitterVideoUploader.m in Sources */ = {isa = PBXBuildFile; fileRef = FD88F2371B64A57F00DC262D /* TwitterVideoUploader.m */; };
		FD88F2431B64A57F00DC262D /* TwitterViewController.m in Sources */ = {isa = PBXBuildFile; fileRef = FD88F2391B64A57F00DC262D /* TwitterViewController.m */; };
		FD88F2451B64A5AB00DC262D /* Twitter.framework in Frameworks */ = {isa = PBXBuildFile; fileRef = FD88F2441B64A5AB00DC262D /* Twitter.framework */; };
		FD88F2471B64A5B500DC262D /* Photos.framework in Frameworks */ = {isa = PBXBuildFile; fileRef = FD88F2461B64A5B500DC262D /* Photos.framework */; };
		FD88F2491B64A5C200DC262D /* AssetsLibrary.framework in Frameworks */ = {isa = PBXBuildFile; fileRef = FD88F2481B64A5C200DC262D /* AssetsLibrary.framework */; };
		FD88F24B1B64A5CB00DC262D /* Social.framework in Frameworks */ = {isa = PBXBuildFile; fileRef = FD88F24A1B64A5CB00DC262D /* Social.framework */; };
		FD88F24D1B64A5D200DC262D /* Accounts.framework in Frameworks */ = {isa = PBXBuildFile; fileRef = FD88F24C1B64A5D200DC262D /* Accounts.framework */; };
		FD88F2501B653CDC00DC262D /* Constants.m in Sources */ = {isa = PBXBuildFile; fileRef = FD88F24F1B653CDC00DC262D /* Constants.m */; };
		FD88F2531B654CB100DC262D /* SettingsController.m in Sources */ = {isa = PBXBuildFile; fileRef = FD88F2521B654CB100DC262D /* SettingsController.m */; };
		FD88F2721B66E5C800DC262D /* FlickrViewController.m in Sources */ = {isa = PBXBuildFile; fileRef = FD88F2711B66E5C800DC262D /* FlickrViewController.m */; };
		FD88F2741B66F89800DC262D /* libobjectiveflickr.a in Frameworks */ = {isa = PBXBuildFile; fileRef = FD88F2731B66F89800DC262D /* libobjectiveflickr.a */; };
		FD88F2761B66F89E00DC262D /* libSBJson.a in Frameworks */ = {isa = PBXBuildFile; fileRef = FD88F2751B66F89E00DC262D /* libSBJson.a */; };
		FD88F2881B6700C700DC262D /* NSData+Base64.m in Sources */ = {isa = PBXBuildFile; fileRef = FD88F2831B6700C700DC262D /* NSData+Base64.m */; };
		FD88F2891B6700C700DC262D /* NSString+URLEncodeString.m in Sources */ = {isa = PBXBuildFile; fileRef = FD88F2851B6700C700DC262D /* NSString+URLEncodeString.m */; };
/* End PBXBuildFile section */

/* Begin PBXContainerItemProxy section */
		FD1B74171B41FE8D00E697C0 /* PBXContainerItemProxy */ = {
			isa = PBXContainerItemProxy;
			containerPortal = FD1B73F21B41FE8C00E697C0 /* Project object */;
			proxyType = 1;
			remoteGlobalIDString = FD1B73F91B41FE8C00E697C0;
			remoteInfo = PicoCale;
		};
/* End PBXContainerItemProxy section */

/* Begin PBXFileReference section */
		630CEB531FE30BAA1CF68D07 /* Pods.release.xcconfig */ = {isa = PBXFileReference; includeInIndex = 1; lastKnownFileType = text.xcconfig; name = Pods.release.xcconfig; path = "Pods/Target Support Files/Pods/Pods.release.xcconfig"; sourceTree = "<group>"; };
		C4E2C44212D239C048685DB2 /* Pods.debug.xcconfig */ = {isa = PBXFileReference; includeInIndex = 1; lastKnownFileType = text.xcconfig; name = Pods.debug.xcconfig; path = "Pods/Target Support Files/Pods/Pods.debug.xcconfig"; sourceTree = "<group>"; };
		D2D95D83BBE3AF7C9D9C1646 /* libPods.a */ = {isa = PBXFileReference; explicitFileType = archive.ar; includeInIndex = 0; path = libPods.a; sourceTree = BUILT_PRODUCTS_DIR; };
		FD1B73FA1B41FE8C00E697C0 /* PicoCale.app */ = {isa = PBXFileReference; explicitFileType = wrapper.application; includeInIndex = 0; path = PicoCale.app; sourceTree = BUILT_PRODUCTS_DIR; };
		FD1B73FE1B41FE8C00E697C0 /* Info.plist */ = {isa = PBXFileReference; lastKnownFileType = text.plist.xml; path = Info.plist; sourceTree = "<group>"; };
		FD1B73FF1B41FE8C00E697C0 /* main.m */ = {isa = PBXFileReference; lastKnownFileType = sourcecode.c.objc; path = main.m; sourceTree = "<group>"; };
		FD1B74011B41FE8C00E697C0 /* AppDelegate.h */ = {isa = PBXFileReference; lastKnownFileType = sourcecode.c.h; path = AppDelegate.h; sourceTree = "<group>"; };
		FD1B74021B41FE8C00E697C0 /* AppDelegate.m */ = {isa = PBXFileReference; lastKnownFileType = sourcecode.c.objc; path = AppDelegate.m; sourceTree = "<group>"; };
		FD1B740B1B41FE8D00E697C0 /* Base */ = {isa = PBXFileReference; lastKnownFileType = file.storyboard; name = Base; path = Base.lproj/Main.storyboard; sourceTree = "<group>"; };
		FD1B740D1B41FE8D00E697C0 /* Images.xcassets */ = {isa = PBXFileReference; lastKnownFileType = folder.assetcatalog; path = Images.xcassets; sourceTree = "<group>"; };
		FD1B74101B41FE8D00E697C0 /* Base */ = {isa = PBXFileReference; lastKnownFileType = file.xib; name = Base; path = Base.lproj/LaunchScreen.xib; sourceTree = "<group>"; };
		FD1B74161B41FE8D00E697C0 /* PicoCaleTests.xctest */ = {isa = PBXFileReference; explicitFileType = wrapper.cfbundle; includeInIndex = 0; path = PicoCaleTests.xctest; sourceTree = BUILT_PRODUCTS_DIR; };
		FD1B741B1B41FE8D00E697C0 /* Info.plist */ = {isa = PBXFileReference; lastKnownFileType = text.plist.xml; path = Info.plist; sourceTree = "<group>"; };
		FD1B741C1B41FE8D00E697C0 /* PicoCaleTests.m */ = {isa = PBXFileReference; lastKnownFileType = sourcecode.c.objc; path = PicoCaleTests.m; sourceTree = "<group>"; };
		FD1B742C1B421E1000E697C0 /* CoreLocation.framework */ = {isa = PBXFileReference; lastKnownFileType = wrapper.framework; name = CoreLocation.framework; path = System/Library/Frameworks/CoreLocation.framework; sourceTree = SDKROOT; };
		FD1B742E1B421E1900E697C0 /* CoreMotion.framework */ = {isa = PBXFileReference; lastKnownFileType = wrapper.framework; name = CoreMotion.framework; path = System/Library/Frameworks/CoreMotion.framework; sourceTree = SDKROOT; };
		FD1B74301B421E2000E697C0 /* AVFoundation.framework */ = {isa = PBXFileReference; lastKnownFileType = wrapper.framework; name = AVFoundation.framework; path = System/Library/Frameworks/AVFoundation.framework; sourceTree = SDKROOT; };
		FD1B74321B421E2600E697C0 /* AVKit.framework */ = {isa = PBXFileReference; lastKnownFileType = wrapper.framework; name = AVKit.framework; path = System/Library/Frameworks/AVKit.framework; sourceTree = SDKROOT; };
		FD88F2261B64A57F00DC262D /* CameraViewController.h */ = {isa = PBXFileReference; fileEncoding = 4; lastKnownFileType = sourcecode.c.h; path = CameraViewController.h; sourceTree = "<group>"; };
		FD88F2271B64A57F00DC262D /* CameraViewController.m */ = {isa = PBXFileReference; fileEncoding = 4; lastKnownFileType = sourcecode.c.objc; path = CameraViewController.m; sourceTree = "<group>"; };
		FD88F2281B64A57F00DC262D /* FullViewController.h */ = {isa = PBXFileReference; fileEncoding = 4; lastKnownFileType = sourcecode.c.h; path = FullViewController.h; sourceTree = "<group>"; };
		FD88F2291B64A57F00DC262D /* FullViewController.m */ = {isa = PBXFileReference; fileEncoding = 4; lastKnownFileType = sourcecode.c.objc; path = FullViewController.m; sourceTree = "<group>"; };
		FD88F22A1B64A57F00DC262D /* ImagesViewController.h */ = {isa = PBXFileReference; fileEncoding = 4; lastKnownFileType = sourcecode.c.h; path = ImagesViewController.h; sourceTree = "<group>"; };
		FD88F22B1B64A57F00DC262D /* ImagesViewController.m */ = {isa = PBXFileReference; fileEncoding = 4; lastKnownFileType = sourcecode.c.objc; path = ImagesViewController.m; sourceTree = "<group>"; };
		FD88F22C1B64A57F00DC262D /* MediaPreview.h */ = {isa = PBXFileReference; fileEncoding = 4; lastKnownFileType = sourcecode.c.h; path = MediaPreview.h; sourceTree = "<group>"; };
		FD88F22D1B64A57F00DC262D /* MediaPreview.m */ = {isa = PBXFileReference; fileEncoding = 4; lastKnownFileType = sourcecode.c.objc; path = MediaPreview.m; sourceTree = "<group>"; };
		FD88F22E1B64A57F00DC262D /* Photo.h */ = {isa = PBXFileReference; fileEncoding = 4; lastKnownFileType = sourcecode.c.h; path = Photo.h; sourceTree = "<group>"; };
		FD88F22F1B64A57F00DC262D /* Photo.m */ = {isa = PBXFileReference; fileEncoding = 4; lastKnownFileType = sourcecode.c.objc; path = Photo.m; sourceTree = "<group>"; };
		FD88F2301B64A57F00DC262D /* PreviewController.h */ = {isa = PBXFileReference; fileEncoding = 4; lastKnownFileType = sourcecode.c.h; path = PreviewController.h; sourceTree = "<group>"; };
		FD88F2311B64A57F00DC262D /* PreviewController.m */ = {isa = PBXFileReference; fileEncoding = 4; lastKnownFileType = sourcecode.c.objc; path = PreviewController.m; sourceTree = "<group>"; };
		FD88F2321B64A57F00DC262D /* PreviewVideoController.h */ = {isa = PBXFileReference; fileEncoding = 4; lastKnownFileType = sourcecode.c.h; path = PreviewVideoController.h; sourceTree = "<group>"; };
		FD88F2331B64A57F00DC262D /* PreviewVideoController.m */ = {isa = PBXFileReference; fileEncoding = 4; lastKnownFileType = sourcecode.c.objc; path = PreviewVideoController.m; sourceTree = "<group>"; };
		FD88F2341B64A57F00DC262D /* TweetDisplayView.h */ = {isa = PBXFileReference; fileEncoding = 4; lastKnownFileType = sourcecode.c.h; path = TweetDisplayView.h; sourceTree = "<group>"; };
		FD88F2351B64A57F00DC262D /* TweetDisplayView.m */ = {isa = PBXFileReference; fileEncoding = 4; lastKnownFileType = sourcecode.c.objc; path = TweetDisplayView.m; sourceTree = "<group>"; };
		FD88F2361B64A57F00DC262D /* TwitterVideoUploader.h */ = {isa = PBXFileReference; fileEncoding = 4; lastKnownFileType = sourcecode.c.h; path = TwitterVideoUploader.h; sourceTree = "<group>"; };
		FD88F2371B64A57F00DC262D /* TwitterVideoUploader.m */ = {isa = PBXFileReference; fileEncoding = 4; lastKnownFileType = sourcecode.c.objc; path = TwitterVideoUploader.m; sourceTree = "<group>"; };
		FD88F2381B64A57F00DC262D /* TwitterViewController.h */ = {isa = PBXFileReference; fileEncoding = 4; lastKnownFileType = sourcecode.c.h; path = TwitterViewController.h; sourceTree = "<group>"; };
		FD88F2391B64A57F00DC262D /* TwitterViewController.m */ = {isa = PBXFileReference; fileEncoding = 4; lastKnownFileType = sourcecode.c.objc; path = TwitterViewController.m; sourceTree = "<group>"; };
		FD88F2441B64A5AB00DC262D /* Twitter.framework */ = {isa = PBXFileReference; lastKnownFileType = wrapper.framework; name = Twitter.framework; path = System/Library/Frameworks/Twitter.framework; sourceTree = SDKROOT; };
		FD88F2461B64A5B500DC262D /* Photos.framework */ = {isa = PBXFileReference; lastKnownFileType = wrapper.framework; name = Photos.framework; path = System/Library/Frameworks/Photos.framework; sourceTree = SDKROOT; };
		FD88F2481B64A5C200DC262D /* AssetsLibrary.framework */ = {isa = PBXFileReference; lastKnownFileType = wrapper.framework; name = AssetsLibrary.framework; path = System/Library/Frameworks/AssetsLibrary.framework; sourceTree = SDKROOT; };
		FD88F24A1B64A5CB00DC262D /* Social.framework */ = {isa = PBXFileReference; lastKnownFileType = wrapper.framework; name = Social.framework; path = System/Library/Frameworks/Social.framework; sourceTree = SDKROOT; };
		FD88F24C1B64A5D200DC262D /* Accounts.framework */ = {isa = PBXFileReference; lastKnownFileType = wrapper.framework; name = Accounts.framework; path = System/Library/Frameworks/Accounts.framework; sourceTree = SDKROOT; };
		FD88F24E1B653CCB00DC262D /* Constants.h */ = {isa = PBXFileReference; lastKnownFileType = sourcecode.c.h; path = Constants.h; sourceTree = "<group>"; };
		FD88F24F1B653CDC00DC262D /* Constants.m */ = {isa = PBXFileReference; fileEncoding = 4; lastKnownFileType = sourcecode.c.objc; path = Constants.m; sourceTree = "<group>"; };
		FD88F2521B654CB100DC262D /* SettingsController.m */ = {isa = PBXFileReference; fileEncoding = 4; lastKnownFileType = sourcecode.c.objc; path = SettingsController.m; sourceTree = "<group>"; };
		FD88F2541B654E0100DC262D /* SettingsController.h */ = {isa = PBXFileReference; fileEncoding = 4; lastKnownFileType = sourcecode.c.h; path = SettingsController.h; sourceTree = "<group>"; };
		FD88F2701B66E5B500DC262D /* FlickrViewController.h */ = {isa = PBXFileReference; lastKnownFileType = sourcecode.c.h; path = FlickrViewController.h; sourceTree = "<group>"; };
		FD88F2711B66E5C800DC262D /* FlickrViewController.m */ = {isa = PBXFileReference; fileEncoding = 4; lastKnownFileType = sourcecode.c.objc; path = FlickrViewController.m; sourceTree = "<group>"; };
		FD88F2731B66F89800DC262D /* libobjectiveflickr.a */ = {isa = PBXFileReference; lastKnownFileType = archive.ar; name = libobjectiveflickr.a; path = "Pods/../build/Debug-iphoneos/libobjectiveflickr.a"; sourceTree = "<group>"; };
		FD88F2751B66F89E00DC262D /* libSBJson.a */ = {isa = PBXFileReference; lastKnownFileType = archive.ar; name = libSBJson.a; path = "Pods/../build/Debug-iphoneos/libSBJson.a"; sourceTree = "<group>"; };
		FD88F2821B6700C700DC262D /* NSData+Base64.h */ = {isa = PBXFileReference; fileEncoding = 4; lastKnownFileType = sourcecode.c.h; path = "NSData+Base64.h"; sourceTree = "<group>"; };
		FD88F2831B6700C700DC262D /* NSData+Base64.m */ = {isa = PBXFileReference; fileEncoding = 4; lastKnownFileType = sourcecode.c.objc; path = "NSData+Base64.m"; sourceTree = "<group>"; };
		FD88F2841B6700C700DC262D /* NSString+URLEncodeString.h */ = {isa = PBXFileReference; fileEncoding = 4; lastKnownFileType = sourcecode.c.h; path = "NSString+URLEncodeString.h"; sourceTree = "<group>"; };
		FD88F2851B6700C700DC262D /* NSString+URLEncodeString.m */ = {isa = PBXFileReference; fileEncoding = 4; lastKnownFileType = sourcecode.c.objc; path = "NSString+URLEncodeString.m"; sourceTree = "<group>"; };
/* End PBXFileReference section */

/* Begin PBXFrameworksBuildPhase section */
		FD1B73F71B41FE8C00E697C0 /* Frameworks */ = {
			isa = PBXFrameworksBuildPhase;
			buildActionMask = 2147483647;
			files = (
				FD88F2761B66F89E00DC262D /* libSBJson.a in Frameworks */,
				FD88F2741B66F89800DC262D /* libobjectiveflickr.a in Frameworks */,
				FD88F24D1B64A5D200DC262D /* Accounts.framework in Frameworks */,
				FD88F24B1B64A5CB00DC262D /* Social.framework in Frameworks */,
				FD88F2491B64A5C200DC262D /* AssetsLibrary.framework in Frameworks */,
				FD88F2471B64A5B500DC262D /* Photos.framework in Frameworks */,
				FD88F2451B64A5AB00DC262D /* Twitter.framework in Frameworks */,
				FD1B74331B421E2600E697C0 /* AVKit.framework in Frameworks */,
				FD1B74311B421E2000E697C0 /* AVFoundation.framework in Frameworks */,
				FD1B742F1B421E1900E697C0 /* CoreMotion.framework in Frameworks */,
				FD1B742D1B421E1000E697C0 /* CoreLocation.framework in Frameworks */,
				4E282D45A2A63276133F540A /* libPods.a in Frameworks */,
			);
			runOnlyForDeploymentPostprocessing = 0;
		};
		FD1B74131B41FE8D00E697C0 /* Frameworks */ = {
			isa = PBXFrameworksBuildPhase;
			buildActionMask = 2147483647;
			files = (
			);
			runOnlyForDeploymentPostprocessing = 0;
		};
/* End PBXFrameworksBuildPhase section */

/* Begin PBXGroup section */
		27EDA8F356528175CD35AAF8 /* Frameworks */ = {
			isa = PBXGroup;
			children = (
				FD88F2751B66F89E00DC262D /* libSBJson.a */,
				FD88F2731B66F89800DC262D /* libobjectiveflickr.a */,
				FD88F24C1B64A5D200DC262D /* Accounts.framework */,
				FD88F24A1B64A5CB00DC262D /* Social.framework */,
				FD88F2481B64A5C200DC262D /* AssetsLibrary.framework */,
				FD88F2461B64A5B500DC262D /* Photos.framework */,
				FD88F2441B64A5AB00DC262D /* Twitter.framework */,
				D2D95D83BBE3AF7C9D9C1646 /* libPods.a */,
			);
			name = Frameworks;
			sourceTree = "<group>";
		};
		78E8FF90C6F29E3D0C41F446 /* Pods */ = {
			isa = PBXGroup;
			children = (
				C4E2C44212D239C048685DB2 /* Pods.debug.xcconfig */,
				630CEB531FE30BAA1CF68D07 /* Pods.release.xcconfig */,
			);
			name = Pods;
			sourceTree = "<group>";
		};
		FD1B73F11B41FE8C00E697C0 = {
			isa = PBXGroup;
			children = (
				FD1B74321B421E2600E697C0 /* AVKit.framework */,
				FD1B74301B421E2000E697C0 /* AVFoundation.framework */,
				FD1B742E1B421E1900E697C0 /* CoreMotion.framework */,
				FD1B742C1B421E1000E697C0 /* CoreLocation.framework */,
				FD1B73FC1B41FE8C00E697C0 /* PicoCale */,
				FD1B74191B41FE8D00E697C0 /* PicoCaleTests */,
				FD1B73FB1B41FE8C00E697C0 /* Products */,
				78E8FF90C6F29E3D0C41F446 /* Pods */,
				27EDA8F356528175CD35AAF8 /* Frameworks */,
			);
			sourceTree = "<group>";
		};
		FD1B73FB1B41FE8C00E697C0 /* Products */ = {
			isa = PBXGroup;
			children = (
				FD1B73FA1B41FE8C00E697C0 /* PicoCale.app */,
				FD1B74161B41FE8D00E697C0 /* PicoCaleTests.xctest */,
			);
			name = Products;
			sourceTree = "<group>";
		};
		FD1B73FC1B41FE8C00E697C0 /* PicoCale */ = {
			isa = PBXGroup;
			children = (
				FD88F24E1B653CCB00DC262D /* Constants.h */,
				FD88F24F1B653CDC00DC262D /* Constants.m */,
				FD88F2261B64A57F00DC262D /* CameraViewController.h */,
				FD88F2271B64A57F00DC262D /* CameraViewController.m */,
				FD88F2281B64A57F00DC262D /* FullViewController.h */,
				FD88F2291B64A57F00DC262D /* FullViewController.m */,
				FD88F22A1B64A57F00DC262D /* ImagesViewController.h */,
				FD88F22B1B64A57F00DC262D /* ImagesViewController.m */,
				FD88F2701B66E5B500DC262D /* FlickrViewController.h */,
				FD88F2711B66E5C800DC262D /* FlickrViewController.m */,
				FD88F22C1B64A57F00DC262D /* MediaPreview.h */,
				FD88F22D1B64A57F00DC262D /* MediaPreview.m */,
				FD88F22E1B64A57F00DC262D /* Photo.h */,
				FD88F22F1B64A57F00DC262D /* Photo.m */,
				FD88F2301B64A57F00DC262D /* PreviewController.h */,
				FD88F2311B64A57F00DC262D /* PreviewController.m */,
				FD88F2321B64A57F00DC262D /* PreviewVideoController.h */,
				FD88F2331B64A57F00DC262D /* PreviewVideoController.m */,
				FD88F2341B64A57F00DC262D /* TweetDisplayView.h */,
				FD88F2351B64A57F00DC262D /* TweetDisplayView.m */,
				FD88F2361B64A57F00DC262D /* TwitterVideoUploader.h */,
				FD88F2371B64A57F00DC262D /* TwitterVideoUploader.m */,
				FD88F2381B64A57F00DC262D /* TwitterViewController.h */,
				FD88F2391B64A57F00DC262D /* TwitterViewController.m */,
				FD1B74011B41FE8C00E697C0 /* AppDelegate.h */,
				FD1B74021B41FE8C00E697C0 /* AppDelegate.m */,
				FD88F2541B654E0100DC262D /* SettingsController.h */,
				FD88F2521B654CB100DC262D /* SettingsController.m */,
				FD1B740A1B41FE8D00E697C0 /* Main.storyboard */,
				FD1B740D1B41FE8D00E697C0 /* Images.xcassets */,
				FD1B740F1B41FE8D00E697C0 /* LaunchScreen.xib */,
				FD1B73FD1B41FE8C00E697C0 /* Supporting Files */,
			);
			path = PicoCale;
			sourceTree = "<group>";
		};
		FD1B73FD1B41FE8C00E697C0 /* Supporting Files */ = {
			isa = PBXGroup;
			children = (
				FD88F2821B6700C700DC262D /* NSData+Base64.h */,
				FD88F2831B6700C700DC262D /* NSData+Base64.m */,
				FD88F2841B6700C700DC262D /* NSString+URLEncodeString.h */,
				FD88F2851B6700C700DC262D /* NSString+URLEncodeString.m */,
				FD1B73FE1B41FE8C00E697C0 /* Info.plist */,
				FD1B73FF1B41FE8C00E697C0 /* main.m */,
			);
			name = "Supporting Files";
			sourceTree = "<group>";
		};
		FD1B74191B41FE8D00E697C0 /* PicoCaleTests */ = {
			isa = PBXGroup;
			children = (
				FD1B741C1B41FE8D00E697C0 /* PicoCaleTests.m */,
				FD1B741A1B41FE8D00E697C0 /* Supporting Files */,
			);
			path = PicoCaleTests;
			sourceTree = "<group>";
		};
		FD1B741A1B41FE8D00E697C0 /* Supporting Files */ = {
			isa = PBXGroup;
			children = (
				FD1B741B1B41FE8D00E697C0 /* Info.plist */,
			);
			name = "Supporting Files";
			sourceTree = "<group>";
		};
/* End PBXGroup section */

/* Begin PBXNativeTarget section */
		FD1B73F91B41FE8C00E697C0 /* PicoCale */ = {
			isa = PBXNativeTarget;
			buildConfigurationList = FD1B74201B41FE8D00E697C0 /* Build configuration list for PBXNativeTarget "PicoCale" */;
			buildPhases = (
				C5635AE6A4C76DE0DED45D4F /* Check Pods Manifest.lock */,
				FD1B73F61B41FE8C00E697C0 /* Sources */,
				FD1B73F71B41FE8C00E697C0 /* Frameworks */,
				FD1B73F81B41FE8C00E697C0 /* Resources */,
				DF9EE9CEAD9F7E11E67DE470 /* Copy Pods Resources */,
			);
			buildRules = (
			);
			dependencies = (
			);
			name = PicoCale;
			productName = PicoCale;
			productReference = FD1B73FA1B41FE8C00E697C0 /* PicoCale.app */;
			productType = "com.apple.product-type.application";
		};
		FD1B74151B41FE8D00E697C0 /* PicoCaleTests */ = {
			isa = PBXNativeTarget;
			buildConfigurationList = FD1B74231B41FE8D00E697C0 /* Build configuration list for PBXNativeTarget "PicoCaleTests" */;
			buildPhases = (
				FD1B74121B41FE8D00E697C0 /* Sources */,
				FD1B74131B41FE8D00E697C0 /* Frameworks */,
				FD1B74141B41FE8D00E697C0 /* Resources */,
			);
			buildRules = (
			);
			dependencies = (
				FD1B74181B41FE8D00E697C0 /* PBXTargetDependency */,
			);
			name = PicoCaleTests;
			productName = PicoCaleTests;
			productReference = FD1B74161B41FE8D00E697C0 /* PicoCaleTests.xctest */;
			productType = "com.apple.product-type.bundle.unit-test";
		};
/* End PBXNativeTarget section */

/* Begin PBXProject section */
		FD1B73F21B41FE8C00E697C0 /* Project object */ = {
			isa = PBXProject;
			attributes = {
				LastUpgradeCheck = 0620;
				ORGANIZATIONNAME = Manishgant;
				TargetAttributes = {
					FD1B73F91B41FE8C00E697C0 = {
						CreatedOnToolsVersion = 6.2;
						DevelopmentTeam = 9VUC3R8D65;
					};
					FD1B74151B41FE8D00E697C0 = {
						CreatedOnToolsVersion = 6.2;
						TestTargetID = FD1B73F91B41FE8C00E697C0;
					};
				};
			};
			buildConfigurationList = FD1B73F51B41FE8C00E697C0 /* Build configuration list for PBXProject "PicoCale" */;
			compatibilityVersion = "Xcode 3.2";
			developmentRegion = English;
			hasScannedForEncodings = 0;
			knownRegions = (
				en,
				Base,
			);
			mainGroup = FD1B73F11B41FE8C00E697C0;
			productRefGroup = FD1B73FB1B41FE8C00E697C0 /* Products */;
			projectDirPath = "";
			projectRoot = "";
			targets = (
				FD1B73F91B41FE8C00E697C0 /* PicoCale */,
				FD1B74151B41FE8D00E697C0 /* PicoCaleTests */,
			);
		};
/* End PBXProject section */

/* Begin PBXResourcesBuildPhase section */
		FD1B73F81B41FE8C00E697C0 /* Resources */ = {
			isa = PBXResourcesBuildPhase;
			buildActionMask = 2147483647;
			files = (
				FD1B740C1B41FE8D00E697C0 /* Main.storyboard in Resources */,
				FD1B74111B41FE8D00E697C0 /* LaunchScreen.xib in Resources */,
				FD1B740E1B41FE8D00E697C0 /* Images.xcassets in Resources */,
			);
			runOnlyForDeploymentPostprocessing = 0;
		};
		FD1B74141B41FE8D00E697C0 /* Resources */ = {
			isa = PBXResourcesBuildPhase;
			buildActionMask = 2147483647;
			files = (
			);
			runOnlyForDeploymentPostprocessing = 0;
		};
/* End PBXResourcesBuildPhase section */

/* Begin PBXShellScriptBuildPhase section */
		C5635AE6A4C76DE0DED45D4F /* Check Pods Manifest.lock */ = {
			isa = PBXShellScriptBuildPhase;
			buildActionMask = 2147483647;
			files = (
			);
			inputPaths = (
			);
			name = "Check Pods Manifest.lock";
			outputPaths = (
			);
			runOnlyForDeploymentPostprocessing = 0;
			shellPath = /bin/sh;
			shellScript = "diff \"${PODS_ROOT}/../Podfile.lock\" \"${PODS_ROOT}/Manifest.lock\" > /dev/null\nif [[ $? != 0 ]] ; then\n    cat << EOM\nerror: The sandbox is not in sync with the Podfile.lock. Run 'pod install' or update your CocoaPods installation.\nEOM\n    exit 1\nfi\n";
			showEnvVarsInLog = 0;
		};
		DF9EE9CEAD9F7E11E67DE470 /* Copy Pods Resources */ = {
			isa = PBXShellScriptBuildPhase;
			buildActionMask = 2147483647;
			files = (
			);
			inputPaths = (
			);
			name = "Copy Pods Resources";
			outputPaths = (
			);
			runOnlyForDeploymentPostprocessing = 0;
			shellPath = /bin/sh;
			shellScript = "\"${SRCROOT}/Pods/Target Support Files/Pods/Pods-resources.sh\"\n";
			showEnvVarsInLog = 0;
		};
/* End PBXShellScriptBuildPhase section */

/* Begin PBXSourcesBuildPhase section */
		FD1B73F61B41FE8C00E697C0 /* Sources */ = {
			isa = PBXSourcesBuildPhase;
			buildActionMask = 2147483647;
			files = (
				FD88F23E1B64A57F00DC262D /* Photo.m in Sources */,
				FD88F2721B66E5C800DC262D /* FlickrViewController.m in Sources */,
				FD88F23A1B64A57F00DC262D /* CameraViewController.m in Sources */,
				FD88F2891B6700C700DC262D /* NSString+URLEncodeString.m in Sources */,
				FD88F2531B654CB100DC262D /* SettingsController.m in Sources */,
				FD88F23D1B64A57F00DC262D /* MediaPreview.m in Sources */,
				FD88F2881B6700C700DC262D /* NSData+Base64.m in Sources */,
				FD88F2411B64A57F00DC262D /* TweetDisplayView.m in Sources */,
				FD88F2431B64A57F00DC262D /* TwitterViewController.m in Sources */,
				FD88F2401B64A57F00DC262D /* PreviewVideoController.m in Sources */,
				FD88F23C1B64A57F00DC262D /* ImagesViewController.m in Sources */,
				FD88F2501B653CDC00DC262D /* Constants.m in Sources */,
				FD88F23F1B64A57F00DC262D /* PreviewController.m in Sources */,
				FD88F23B1B64A57F00DC262D /* FullViewController.m in Sources */,
				FD1B74031B41FE8C00E697C0 /* AppDelegate.m in Sources */,
				FD88F2421B64A57F00DC262D /* TwitterVideoUploader.m in Sources */,
				FD1B74001B41FE8C00E697C0 /* main.m in Sources */,
			);
			runOnlyForDeploymentPostprocessing = 0;
		};
		FD1B74121B41FE8D00E697C0 /* Sources */ = {
			isa = PBXSourcesBuildPhase;
			buildActionMask = 2147483647;
			files = (
				FD1B741D1B41FE8D00E697C0 /* PicoCaleTests.m in Sources */,
			);
			runOnlyForDeploymentPostprocessing = 0;
		};
/* End PBXSourcesBuildPhase section */

/* Begin PBXTargetDependency section */
		FD1B74181B41FE8D00E697C0 /* PBXTargetDependency */ = {
			isa = PBXTargetDependency;
			target = FD1B73F91B41FE8C00E697C0 /* PicoCale */;
			targetProxy = FD1B74171B41FE8D00E697C0 /* PBXContainerItemProxy */;
		};
/* End PBXTargetDependency section */

/* Begin PBXVariantGroup section */
		FD1B740A1B41FE8D00E697C0 /* Main.storyboard */ = {
			isa = PBXVariantGroup;
			children = (
				FD1B740B1B41FE8D00E697C0 /* Base */,
			);
			name = Main.storyboard;
			sourceTree = "<group>";
		};
		FD1B740F1B41FE8D00E697C0 /* LaunchScreen.xib */ = {
			isa = PBXVariantGroup;
			children = (
				FD1B74101B41FE8D00E697C0 /* Base */,
			);
			name = LaunchScreen.xib;
			sourceTree = "<group>";
		};
/* End PBXVariantGroup section */

/* Begin XCBuildConfiguration section */
		FD1B741E1B41FE8D00E697C0 /* Debug */ = {
			isa = XCBuildConfiguration;
			buildSettings = {
				ALWAYS_SEARCH_USER_PATHS = NO;
				CLANG_CXX_LANGUAGE_STANDARD = "gnu++0x";
				CLANG_CXX_LIBRARY = "libc++";
				CLANG_ENABLE_MODULES = YES;
				CLANG_ENABLE_OBJC_ARC = YES;
				CLANG_WARN_BOOL_CONVERSION = YES;
				CLANG_WARN_CONSTANT_CONVERSION = YES;
				CLANG_WARN_DIRECT_OBJC_ISA_USAGE = YES_ERROR;
				CLANG_WARN_EMPTY_BODY = YES;
				CLANG_WARN_ENUM_CONVERSION = YES;
				CLANG_WARN_INT_CONVERSION = YES;
				CLANG_WARN_OBJC_ROOT_CLASS = YES_ERROR;
				CLANG_WARN_UNREACHABLE_CODE = YES;
				CLANG_WARN__DUPLICATE_METHOD_MATCH = YES;
				"CODE_SIGN_IDENTITY[sdk=iphoneos*]" = "iPhone Developer";
				COPY_PHASE_STRIP = NO;
				ENABLE_STRICT_OBJC_MSGSEND = YES;
				GCC_C_LANGUAGE_STANDARD = gnu99;
				GCC_DYNAMIC_NO_PIC = NO;
				GCC_OPTIMIZATION_LEVEL = 0;
				GCC_PREPROCESSOR_DEFINITIONS = (
					"DEBUG=1",
					"$(inherited)",
				);
				GCC_SYMBOLS_PRIVATE_EXTERN = NO;
				GCC_WARN_64_TO_32_BIT_CONVERSION = YES;
				GCC_WARN_ABOUT_RETURN_TYPE = YES_ERROR;
				GCC_WARN_UNDECLARED_SELECTOR = YES;
				GCC_WARN_UNINITIALIZED_AUTOS = YES_AGGRESSIVE;
				GCC_WARN_UNUSED_FUNCTION = YES;
				GCC_WARN_UNUSED_VARIABLE = YES;
				IPHONEOS_DEPLOYMENT_TARGET = 8.2;
				MTL_ENABLE_DEBUG_INFO = YES;
				ONLY_ACTIVE_ARCH = YES;
				SDKROOT = iphoneos;
			};
			name = Debug;
		};
		FD1B741F1B41FE8D00E697C0 /* Release */ = {
			isa = XCBuildConfiguration;
			buildSettings = {
				ALWAYS_SEARCH_USER_PATHS = NO;
				CLANG_CXX_LANGUAGE_STANDARD = "gnu++0x";
				CLANG_CXX_LIBRARY = "libc++";
				CLANG_ENABLE_MODULES = YES;
				CLANG_ENABLE_OBJC_ARC = YES;
				CLANG_WARN_BOOL_CONVERSION = YES;
				CLANG_WARN_CONSTANT_CONVERSION = YES;
				CLANG_WARN_DIRECT_OBJC_ISA_USAGE = YES_ERROR;
				CLANG_WARN_EMPTY_BODY = YES;
				CLANG_WARN_ENUM_CONVERSION = YES;
				CLANG_WARN_INT_CONVERSION = YES;
				CLANG_WARN_OBJC_ROOT_CLASS = YES_ERROR;
				CLANG_WARN_UNREACHABLE_CODE = YES;
				CLANG_WARN__DUPLICATE_METHOD_MATCH = YES;
				"CODE_SIGN_IDENTITY[sdk=iphoneos*]" = "iPhone Developer";
				COPY_PHASE_STRIP = NO;
				ENABLE_NS_ASSERTIONS = NO;
				ENABLE_STRICT_OBJC_MSGSEND = YES;
				GCC_C_LANGUAGE_STANDARD = gnu99;
				GCC_WARN_64_TO_32_BIT_CONVERSION = YES;
				GCC_WARN_ABOUT_RETURN_TYPE = YES_ERROR;
				GCC_WARN_UNDECLARED_SELECTOR = YES;
				GCC_WARN_UNINITIALIZED_AUTOS = YES_AGGRESSIVE;
				GCC_WARN_UNUSED_FUNCTION = YES;
				GCC_WARN_UNUSED_VARIABLE = YES;
				IPHONEOS_DEPLOYMENT_TARGET = 8.2;
				MTL_ENABLE_DEBUG_INFO = NO;
				SDKROOT = iphoneos;
				VALIDATE_PRODUCT = YES;
			};
			name = Release;
		};
		FD1B74211B41FE8D00E697C0 /* Debug */ = {
			isa = XCBuildConfiguration;
			baseConfigurationReference = C4E2C44212D239C048685DB2 /* Pods.debug.xcconfig */;
			buildSettings = {
				ASSETCATALOG_COMPILER_APPICON_NAME = AppIcon;
				CODE_SIGN_IDENTITY = "iPhone Developer";
				FRAMEWORK_SEARCH_PATHS = (
					"$(inherited)",
					/Users/manishgant/Documents/FacebookSDK,
				);
				INFOPLIST_FILE = PicoCale/Info.plist;
				LD_RUNPATH_SEARCH_PATHS = "$(inherited) @executable_path/Frameworks";
				LIBRARY_SEARCH_PATHS = (
					"$(inherited)",
					"$(PROJECT_DIR)/build/Debug-iphoneos",
				);
				PRODUCT_NAME = "$(TARGET_NAME)";
			};
			name = Debug;
		};
		FD1B74221B41FE8D00E697C0 /* Release */ = {
			isa = XCBuildConfiguration;
			baseConfigurationReference = 630CEB531FE30BAA1CF68D07 /* Pods.release.xcconfig */;
			buildSettings = {
				ASSETCATALOG_COMPILER_APPICON_NAME = AppIcon;
				CODE_SIGN_IDENTITY = "iPhone Developer";
				FRAMEWORK_SEARCH_PATHS = (
					"$(inherited)",
					/Users/manishgant/Documents/FacebookSDK,
				);
				INFOPLIST_FILE = PicoCale/Info.plist;
				LD_RUNPATH_SEARCH_PATHS = "$(inherited) @executable_path/Frameworks";
				LIBRARY_SEARCH_PATHS = (
					"$(inherited)",
					"$(PROJECT_DIR)/build/Debug-iphoneos",
				);
				PRODUCT_NAME = "$(TARGET_NAME)";
			};
			name = Release;
		};
		FD1B74241B41FE8D00E697C0 /* Debug */ = {
			isa = XCBuildConfiguration;
			buildSettings = {
				BUNDLE_LOADER = "$(TEST_HOST)";
				FRAMEWORK_SEARCH_PATHS = (
					"$(SDKROOT)/Developer/Library/Frameworks",
					"$(inherited)",
				);
				GCC_PREPROCESSOR_DEFINITIONS = (
					"DEBUG=1",
					"$(inherited)",
				);
				INFOPLIST_FILE = PicoCaleTests/Info.plist;
				LD_RUNPATH_SEARCH_PATHS = "$(inherited) @executable_path/Frameworks @loader_path/Frameworks";
				PRODUCT_NAME = "$(TARGET_NAME)";
				TEST_HOST = "$(BUILT_PRODUCTS_DIR)/PicoCale.app/PicoCale";
			};
			name = Debug;
		};
		FD1B74251B41FE8D00E697C0 /* Release */ = {
			isa = XCBuildConfiguration;
			buildSettings = {
				BUNDLE_LOADER = "$(TEST_HOST)";
				FRAMEWORK_SEARCH_PATHS = (
					"$(SDKROOT)/Developer/Library/Frameworks",
					"$(inherited)",
				);
				INFOPLIST_FILE = PicoCaleTests/Info.plist;
				LD_RUNPATH_SEARCH_PATHS = "$(inherited) @executable_path/Frameworks @loader_path/Frameworks";
				PRODUCT_NAME = "$(TARGET_NAME)";
				TEST_HOST = "$(BUILT_PRODUCTS_DIR)/PicoCale.app/PicoCale";
			};
			name = Release;
		};
/* End XCBuildConfiguration section */

/* Begin XCConfigurationList section */
		FD1B73F51B41FE8C00E697C0 /* Build configuration list for PBXProject "PicoCale" */ = {
			isa = XCConfigurationList;
			buildConfigurations = (
				FD1B741E1B41FE8D00E697C0 /* Debug */,
				FD1B741F1B41FE8D00E697C0 /* Release */,
			);
			defaultConfigurationIsVisible = 0;
			defaultConfigurationName = Release;
		};
		FD1B74201B41FE8D00E697C0 /* Build configuration list for PBXNativeTarget "PicoCale" */ = {
			isa = XCConfigurationList;
			buildConfigurations = (
				FD1B74211B41FE8D00E697C0 /* Debug */,
				FD1B74221B41FE8D00E697C0 /* Release */,
			);
			defaultConfigurationIsVisible = 0;
			defaultConfigurationName = Release;
		};
		FD1B74231B41FE8D00E697C0 /* Build configuration list for PBXNativeTarget "PicoCaleTests" */ = {
			isa = XCConfigurationList;
			buildConfigurations = (
				FD1B74241B41FE8D00E697C0 /* Debug */,
				FD1B74251B41FE8D00E697C0 /* Release */,
			);
			defaultConfigurationIsVisible = 0;
			defaultConfigurationName = Release;
		};
/* End XCConfigurationList section */
	};
	rootObject = FD1B73F21B41FE8C00E697C0 /* Project object */;
}
